// !$*UTF8*$!
{
	archiveVersion = 1;
	classes = {
	};
	objectVersion = 50;
	objects = {

/* Begin PBXBuildFile section */
		75E3C13E2168BC1300E1E5C9 /* AppDelegate.swift in Sources */ = {isa = PBXBuildFile; fileRef = 75E3C13D2168BC1300E1E5C9 /* AppDelegate.swift */; };
		75E3C1402168BC1300E1E5C9 /* ColorPresenterVC.swift in Sources */ = {isa = PBXBuildFile; fileRef = 75E3C13F2168BC1300E1E5C9 /* ColorPresenterVC.swift */; };
		75E3C1432168BC1300E1E5C9 /* Main.storyboard in Resources */ = {isa = PBXBuildFile; fileRef = 75E3C1412168BC1300E1E5C9 /* Main.storyboard */; };
		75E3C1452168BC1400E1E5C9 /* Assets.xcassets in Resources */ = {isa = PBXBuildFile; fileRef = 75E3C1442168BC1400E1E5C9 /* Assets.xcassets */; };
		75E3C1482168BC1400E1E5C9 /* LaunchScreen.storyboard in Resources */ = {isa = PBXBuildFile; fileRef = 75E3C1462168BC1400E1E5C9 /* LaunchScreen.storyboard */; };
		75E3C1502168C29F00E1E5C9 /* ColorPickerVC.swift in Sources */ = {isa = PBXBuildFile; fileRef = 75E3C14F2168C29F00E1E5C9 /* ColorPickerVC.swift */; };
		75E3C1532168C3E800E1E5C9 /* ColorTransferDelegate.swift in Sources */ = {isa = PBXBuildFile; fileRef = 75E3C1522168C3E800E1E5C9 /* ColorTransferDelegate.swift */; };
/* End PBXBuildFile section */

/* Begin PBXFileReference section */
		75E3C13A2168BC1300E1E5C9 /* Simple Color Swapper.app */ = {isa = PBXFileReference; explicitFileType = wrapper.application; includeInIndex = 0; path = "Simple Color Swapper.app"; sourceTree = BUILT_PRODUCTS_DIR; };
		75E3C13D2168BC1300E1E5C9 /* AppDelegate.swift */ = {isa = PBXFileReference; lastKnownFileType = sourcecode.swift; path = AppDelegate.swift; sourceTree = "<group>"; };
		75E3C13F2168BC1300E1E5C9 /* ColorPresenterVC.swift */ = {isa = PBXFileReference; lastKnownFileType = sourcecode.swift; path = ColorPresenterVC.swift; sourceTree = "<group>"; };
		75E3C1422168BC1300E1E5C9 /* Base */ = {isa = PBXFileReference; lastKnownFileType = file.storyboard; name = Base; path = Base.lproj/Main.storyboard; sourceTree = "<group>"; };
		75E3C1442168BC1400E1E5C9 /* Assets.xcassets */ = {isa = PBXFileReference; lastKnownFileType = folder.assetcatalog; path = Assets.xcassets; sourceTree = "<group>"; };
		75E3C1472168BC1400E1E5C9 /* Base */ = {isa = PBXFileReference; lastKnownFileType = file.storyboard; name = Base; path = Base.lproj/LaunchScreen.storyboard; sourceTree = "<group>"; };
		75E3C1492168BC1400E1E5C9 /* Info.plist */ = {isa = PBXFileReference; lastKnownFileType = text.plist.xml; path = Info.plist; sourceTree = "<group>"; };
		75E3C14F2168C29F00E1E5C9 /* ColorPickerVC.swift */ = {isa = PBXFileReference; lastKnownFileType = sourcecode.swift; path = ColorPickerVC.swift; sourceTree = "<group>"; };
		75E3C1522168C3E800E1E5C9 /* ColorTransferDelegate.swift */ = {isa = PBXFileReference; lastKnownFileType = sourcecode.swift; path = ColorTransferDelegate.swift; sourceTree = "<group>"; };
/* End PBXFileReference section */

/* Begin PBXFrameworksBuildPhase section */
		75E3C1372168BC1300E1E5C9 /* Frameworks */ = {
			isa = PBXFrameworksBuildPhase;
			buildActionMask = 2147483647;
			files = (
			);
			runOnlyForDeploymentPostprocessing = 0;
		};
/* End PBXFrameworksBuildPhase section */

/* Begin PBXGroup section */
		75E3C1312168BC1300E1E5C9 = {
			isa = PBXGroup;
			children = (
				75E3C13C2168BC1300E1E5C9 /* Simple Color Swapper */,
				75E3C13B2168BC1300E1E5C9 /* Products */,
			);
			sourceTree = "<group>";
		};
		75E3C13B2168BC1300E1E5C9 /* Products */ = {
			isa = PBXGroup;
			children = (
				75E3C13A2168BC1300E1E5C9 /* Simple Color Swapper.app */,
			);
			name = Products;
			sourceTree = "<group>";
		};
		75E3C13C2168BC1300E1E5C9 /* Simple Color Swapper */ = {
			isa = PBXGroup;
			children = (
				75E3C1542168C3EE00E1E5C9 /* Delegates */,
				75E3C1512168C2BB00E1E5C9 /* VC */,
				75E3C13D2168BC1300E1E5C9 /* AppDelegate.swift */,
				75E3C1412168BC1300E1E5C9 /* Main.storyboard */,
				75E3C1442168BC1400E1E5C9 /* Assets.xcassets */,
				75E3C1462168BC1400E1E5C9 /* LaunchScreen.storyboard */,
				75E3C1492168BC1400E1E5C9 /* Info.plist */,
			);
			path = "Simple Color Swapper";
			sourceTree = "<group>";
		};
		75E3C1512168C2BB00E1E5C9 /* VC */ = {
			isa = PBXGroup;
			children = (
				75E3C13F2168BC1300E1E5C9 /* ColorPresenterVC.swift */,
				75E3C14F2168C29F00E1E5C9 /* ColorPickerVC.swift */,
			);
			path = VC;
			sourceTree = "<group>";
		};
		75E3C1542168C3EE00E1E5C9 /* Delegates */ = {
			isa = PBXGroup;
			children = (
				75E3C1522168C3E800E1E5C9 /* ColorTransferDelegate.swift */,
			);
			path = Delegates;
			sourceTree = "<group>";
		};
/* End PBXGroup section */

/* Begin PBXNativeTarget section */
		75E3C1392168BC1300E1E5C9 /* Simple Color Swapper */ = {
			isa = PBXNativeTarget;
			buildConfigurationList = 75E3C14C2168BC1400E1E5C9 /* Build configuration list for PBXNativeTarget "Simple Color Swapper" */;
			buildPhases = (
				75E3C1362168BC1300E1E5C9 /* Sources */,
				75E3C1372168BC1300E1E5C9 /* Frameworks */,
				75E3C1382168BC1300E1E5C9 /* Resources */,
			);
			buildRules = (
			);
			dependencies = (
			);
			name = "Simple Color Swapper";
			productName = "Simple Color Swapper";
			productReference = 75E3C13A2168BC1300E1E5C9 /* Simple Color Swapper.app */;
			productType = "com.apple.product-type.application";
		};
/* End PBXNativeTarget section */

/* Begin PBXProject section */
		75E3C1322168BC1300E1E5C9 /* Project object */ = {
			isa = PBXProject;
			attributes = {
				LastSwiftUpdateCheck = 1000;
				LastUpgradeCheck = 1000;
				ORGANIZATIONNAME = Artur;
				TargetAttributes = {
					75E3C1392168BC1300E1E5C9 = {
						CreatedOnToolsVersion = 10.0;
					};
				};
			};
			buildConfigurationList = 75E3C1352168BC1300E1E5C9 /* Build configuration list for PBXProject "Simple Color Swapper" */;
			compatibilityVersion = "Xcode 9.3";
			developmentRegion = en;
			hasScannedForEncodings = 0;
			knownRegions = (
				en,
				Base,
			);
			mainGroup = 75E3C1312168BC1300E1E5C9;
			productRefGroup = 75E3C13B2168BC1300E1E5C9 /* Products */;
			projectDirPath = "";
			projectRoot = "";
			targets = (
				75E3C1392168BC1300E1E5C9 /* Simple Color Swapper */,
			);
		};
/* End PBXProject section */

/* Begin PBXResourcesBuildPhase section */
		75E3C1382168BC1300E1E5C9 /* Resources */ = {
			isa = PBXResourcesBuildPhase;
			buildActionMask = 2147483647;
			files = (
				75E3C1482168BC1400E1E5C9 /* LaunchScreen.storyboard in Resources */,
				75E3C1452168BC1400E1E5C9 /* Assets.xcassets in Resources */,
				75E3C1432168BC1300E1E5C9 /* Main.storyboard in Resources */,
			);
			runOnlyForDeploymentPostprocessing = 0;
		};
/* End PBXResourcesBuildPhase section */

/* Begin PBXSourcesBuildPhase section */
		75E3C1362168BC1300E1E5C9 /* Sources */ = {
			isa = PBXSourcesBuildPhase;
			buildActionMask = 2147483647;
			files = (
				75E3C1402168BC1300E1E5C9 /* ColorPresenterVC.swift in Sources */,
				75E3C1532168C3E800E1E5C9 /* ColorTransferDelegate.swift in Sources */,
				75E3C13E2168BC1300E1E5C9 /* AppDelegate.swift in Sources */,
				75E3C1502168C29F00E1E5C9 /* ColorPickerVC.swift in Sources */,
			);
			runOnlyForDeploymentPostprocessing = 0;
		};
/* End PBXSourcesBuildPhase section */

/* Begin PBXVariantGroup section */
		75E3C1412168BC1300E1E5C9 /* Main.storyboard */ = {
			isa = PBXVariantGroup;
			children = (
				75E3C1422168BC1300E1E5C9 /* Base */,
			);
			name = Main.storyboard;
			sourceTree = "<group>";
		};
		75E3C1462168BC1400E1E5C9 /* LaunchScreen.storyboard */ = {
			isa = PBXVariantGroup;
			children = (
				75E3C1472168BC1400E1E5C9 /* Base */,
			);
			name = LaunchScreen.storyboard;
			sourceTree = "<group>";
		};
/* End PBXVariantGroup section */

/* Begin XCBuildConfiguration section */
		75E3C14A2168BC1400E1E5C9 /* Debug */ = {
			isa = XCBuildConfiguration;
			buildSettings = {
				ALWAYS_SEARCH_USER_PATHS = NO;
				CLANG_ANALYZER_NONNULL = YES;
				CLANG_ANALYZER_NUMBER_OBJECT_CONVERSION = YES_AGGRESSIVE;
				CLANG_CXX_LANGUAGE_STANDARD = "gnu++14";
				CLANG_CXX_LIBRARY = "libc++";
				CLANG_ENABLE_MODULES = YES;
				CLANG_ENABLE_OBJC_ARC = YES;
				CLANG_ENABLE_OBJC_WEAK = YES;
				CLANG_WARN_BLOCK_CAPTURE_AUTORELEASING = YES;
				CLANG_WARN_BOOL_CONVERSION = YES;
				CLANG_WARN_COMMA = YES;
				CLANG_WARN_CONSTANT_CONVERSION = YES;
				CLANG_WARN_DEPRECATED_OBJC_IMPLEMENTATIONS = YES;
				CLANG_WARN_DIRECT_OBJC_ISA_USAGE = YES_ERROR;
				CLANG_WARN_DOCUMENTATION_COMMENTS = YES;
				CLANG_WARN_EMPTY_BODY = YES;
				CLANG_WARN_ENUM_CONVERSION = YES;
				CLANG_WARN_INFINITE_RECURSION = YES;
				CLANG_WARN_INT_CONVERSION = YES;
				CLANG_WARN_NON_LITERAL_NULL_CONVERSION = YES;
				CLANG_WARN_OBJC_IMPLICIT_RETAIN_SELF = YES;
				CLANG_WARN_OBJC_LITERAL_CONVERSION = YES;
				CLANG_WARN_OBJC_ROOT_CLASS = YES_ERROR;
				CLANG_WARN_RANGE_LOOP_ANALYSIS = YES;
				CLANG_WARN_STRICT_PROTOTYPES = YES;
				CLANG_WARN_SUSPICIOUS_MOVE = YES;
				CLANG_WARN_UNGUARDED_AVAILABILITY = YES_AGGRESSIVE;
				CLANG_WARN_UNREACHABLE_CODE = YES;
				CLANG_WARN__DUPLICATE_METHOD_MATCH = YES;
				CODE_SIGN_IDENTITY = "iPhone Developer";
				COPY_PHASE_STRIP = NO;
				DEBUG_INFORMATION_FORMAT = dwarf;
				ENABLE_STRICT_OBJC_MSGSEND = YES;
				ENABLE_TESTABILITY = YES;
				GCC_C_LANGUAGE_STANDARD = gnu11;
				GCC_DYNAMIC_NO_PIC = NO;
				GCC_NO_COMMON_BLOCKS = YES;
				GCC_OPTIMIZATION_LEVEL = 0;
				GCC_PREPROCESSOR_DEFINITIONS = (
					"DEBUG=1",
					"$(inherited)",
				);
				GCC_WARN_64_TO_32_BIT_CONVERSION = YES;
				GCC_WARN_ABOUT_RETURN_TYPE = YES_ERROR;
				GCC_WARN_UNDECLARED_SELECTOR = YES;
				GCC_WARN_UNINITIALIZED_AUTOS = YES_AGGRESSIVE;
				GCC_WARN_UNUSED_FUNCTION = YES;
				GCC_WARN_UNUSED_VARIABLE = YES;
				IPHONEOS_DEPLOYMENT_TARGET = 12.0;
				MTL_ENABLE_DEBUG_INFO = INCLUDE_SOURCE;
				MTL_FAST_MATH = YES;
				ONLY_ACTIVE_ARCH = YES;
				SDKROOT = iphoneos;
				SWIFT_ACTIVE_COMPILATION_CONDITIONS = DEBUG;
				SWIFT_OPTIMIZATION_LEVEL = "-Onone";
			};
			name = Debug;
		};
		75E3C14B2168BC1400E1E5C9 /* Release */ = {
			isa = XCBuildConfiguration;
			buildSettings = {
				ALWAYS_SEARCH_USER_PATHS = NO;
				CLANG_ANALYZER_NONNULL = YES;
				CLANG_ANALYZER_NUMBER_OBJECT_CONVERSION = YES_AGGRESSIVE;
				CLANG_CXX_LANGUAGE_STANDARD = "gnu++14";
				CLANG_CXX_LIBRARY = "libc++";
				CLANG_ENABLE_MODULES = YES;
				CLANG_ENABLE_OBJC_ARC = YES;
				CLANG_ENABLE_OBJC_WEAK = YES;
				CLANG_WARN_BLOCK_CAPTURE_AUTORELEASING = YES;
				CLANG_WARN_BOOL_CONVERSION = YES;
				CLANG_WARN_COMMA = YES;
				CLANG_WARN_CONSTANT_CONVERSION = YES;
				CLANG_WARN_DEPRECATED_OBJC_IMPLEMENTATIONS = YES;
				CLANG_WARN_DIRECT_OBJC_ISA_USAGE = YES_ERROR;
				CLANG_WARN_DOCUMENTATION_COMMENTS = YES;
				CLANG_WARN_EMPTY_BODY = YES;
				CLANG_WARN_ENUM_CONVERSION = YES;
				CLANG_WARN_INFINITE_RECURSION = YES;
				CLANG_WARN_INT_CONVERSION = YES;
				CLANG_WARN_NON_LITERAL_NULL_CONVERSION = YES;
				CLANG_WARN_OBJC_IMPLICIT_RETAIN_SELF = YES;
				CLANG_WARN_OBJC_LITERAL_CONVERSION = YES;
				CLANG_WARN_OBJC_ROOT_CLASS = YES_ERROR;
				CLANG_WARN_RANGE_LOOP_ANALYSIS = YES;
				CLANG_WARN_STRICT_PROTOTYPES = YES;
				CLANG_WARN_SUSPICIOUS_MOVE = YES;
				CLANG_WARN_UNGUARDED_AVAILABILITY = YES_AGGRESSIVE;
				CLANG_WARN_UNREACHABLE_CODE = YES;
				CLANG_WARN__DUPLICATE_METHOD_MATCH = YES;
				CODE_SIGN_IDENTITY = "iPhone Developer";
				COPY_PHASE_STRIP = NO;
				DEBUG_INFORMATION_FORMAT = "dwarf-with-dsym";
				ENABLE_NS_ASSERTIONS = NO;
				ENABLE_STRICT_OBJC_MSGSEND = YES;
				GCC_C_LANGUAGE_STANDARD = gnu11;
				GCC_NO_COMMON_BLOCKS = YES;
				GCC_WARN_64_TO_32_BIT_CONVERSION = YES;
				GCC_WARN_ABOUT_RETURN_TYPE = YES_ERROR;
				GCC_WARN_UNDECLARED_SELECTOR = YES;
				GCC_WARN_UNINITIALIZED_AUTOS = YES_AGGRESSIVE;
				GCC_WARN_UNUSED_FUNCTION = YES;
				GCC_WARN_UNUSED_VARIABLE = YES;
				IPHONEOS_DEPLOYMENT_TARGET = 12.0;
				MTL_ENABLE_DEBUG_INFO = NO;
				MTL_FAST_MATH = YES;
				SDKROOT = iphoneos;
				SWIFT_COMPILATION_MODE = wholemodule;
				SWIFT_OPTIMIZATION_LEVEL = "-O";
				VALIDATE_PRODUCT = YES;
			};
			name = Release;
		};
		75E3C14D2168BC1400E1E5C9 /* Debug */ = {
			isa = XCBuildConfiguration;
			buildSettings = {
				ASSETCATALOG_COMPILER_APPICON_NAME = AppIcon;
				CODE_SIGN_STYLE = Automatic;
				INFOPLIST_FILE = "Simple Color Swapper/Info.plist";
				LD_RUNPATH_SEARCH_PATHS = (
					"$(inherited)",
					"@executable_path/Frameworks",
				);
				PRODUCT_BUNDLE_IDENTIFIER = "ratajczak.artur.Simple-Color-Swapper";
				PRODUCT_NAME = "$(TARGET_NAME)";
				SWIFT_VERSION = 4.2;
				TARGETED_DEVICE_FAMILY = "1,2";
			};
			name = Debug;
		};
		75E3C14E2168BC1400E1E5C9 /* Release */ = {
			isa = XCBuildConfiguration;
			buildSettings = {
				ASSETCATALOG_COMPILER_APPICON_NAME = AppIcon;
				CODE_SIGN_STYLE = Automatic;
				INFOPLIST_FILE = "Simple Color Swapper/Info.plist";
				LD_RUNPATH_SEARCH_PATHS = (
					"$(inherited)",
					"@executable_path/Frameworks",
				);
				PRODUCT_BUNDLE_IDENTIFIER = "ratajczak.artur.Simple-Color-Swapper";
				PRODUCT_NAME = "$(TARGET_NAME)";
				SWIFT_VERSION = 4.2;
				TARGETED_DEVICE_FAMILY = "1,2";
			};
			name = Release;
		};
/* End XCBuildConfiguration section */

/* Begin XCConfigurationList section */
		75E3C1352168BC1300E1E5C9 /* Build configuration list for PBXProject "Simple Color Swapper" */ = {
			isa = XCConfigurationList;
			buildConfigurations = (
				75E3C14A2168BC1400E1E5C9 /* Debug */,
				75E3C14B2168BC1400E1E5C9 /* Release */,
			);
			defaultConfigurationIsVisible = 0;
			defaultConfigurationName = Release;
		};
		75E3C14C2168BC1400E1E5C9 /* Build configuration list for PBXNativeTarget "Simple Color Swapper" */ = {
			isa = XCConfigurationList;
			buildConfigurations = (
				75E3C14D2168BC1400E1E5C9 /* Debug */,
				75E3C14E2168BC1400E1E5C9 /* Release */,
			);
			defaultConfigurationIsVisible = 0;
			defaultConfigurationName = Release;
		};
/* End XCConfigurationList section */
	};
	rootObject = 75E3C1322168BC1300E1E5C9 /* Project object */;
}
